
Microsoft Visual Studio Solution File, Format Version 12.00
# Visual Studio Version 16
VisualStudioVersion = 16.0.30204.135
MinimumVisualStudioVersion = 10.0.40219.1
Project("{9A19103F-16F7-4668-BE54-9A1E7A4F7556}") = "Territory", "Territory\Territory.csproj", "{CD69EDFA-E540-4DA2-96CC-D67608591E4E}"
EndProject
Project("{9A19103F-16F7-4668-BE54-9A1E7A4F7556}") = "Territory.DataAccess", "Territory.DataAccess\Territory.DataAccess.csproj", "{5117AA92-2AE4-407F-A719-30ED12148A3C}"
EndProject
Project("{9A19103F-16F7-4668-BE54-9A1E7A4F7556}") = "Territory.Models", "Territory.Models\Territory.Models.csproj", "{09A2818E-A68B-4B3A-9086-7C963BCD6F78}"
EndProject
Project("{9A19103F-16F7-4668-BE54-9A1E7A4F7556}") = "Territory.Utility", "Territory.Utility\Territory.Utility.csproj", "{2E83AE1A-1770-41F0-8AE6-45EE8062B5FC}"
EndProject
Global
	GlobalSection(SolutionConfigurationPlatforms) = preSolution
		Debug|Any CPU = Debug|Any CPU
		Release|Any CPU = Release|Any CPU
	EndGlobalSection
	GlobalSection(ProjectConfigurationPlatforms) = postSolution
		{CD69EDFA-E540-4DA2-96CC-D67608591E4E}.Debug|Any CPU.ActiveCfg = Debug|Any CPU
		{CD69EDFA-E540-4DA2-96CC-D67608591E4E}.Debug|Any CPU.Build.0 = Debug|Any CPU
		{CD69EDFA-E540-4DA2-96CC-D67608591E4E}.Release|Any CPU.ActiveCfg = Release|Any CPU
		{CD69EDFA-E540-4DA2-96CC-D67608591E4E}.Release|Any CPU.Build.0 = Release|Any CPU
		{5117AA92-2AE4-407F-A719-30ED12148A3C}.Debug|Any CPU.ActiveCfg = Debug|Any CPU
		{5117AA92-2AE4-407F-A719-30ED12148A3C}.Debug|Any CPU.Build.0 = Debug|Any CPU
		{5117AA92-2AE4-407F-A719-30ED12148A3C}.Release|Any CPU.ActiveCfg = Release|Any CPU
		{5117AA92-2AE4-407F-A719-30ED12148A3C}.Release|Any CPU.Build.0 = Release|Any CPU
		{09A2818E-A68B-4B3A-9086-7C963BCD6F78}.Debug|Any CPU.ActiveCfg = Debug|Any CPU
		{09A2818E-A68B-4B3A-9086-7C963BCD6F78}.Debug|Any CPU.Build.0 = Debug|Any CPU
		{09A2818E-A68B-4B3A-9086-7C963BCD6F78}.Release|Any CPU.ActiveCfg = Release|Any CPU
		{09A2818E-A68B-4B3A-9086-7C963BCD6F78}.Release|Any CPU.Build.0 = Release|Any CPU
		{2E83AE1A-1770-41F0-8AE6-45EE8062B5FC}.Debug|Any CPU.ActiveCfg = Debug|Any CPU
		{2E83AE1A-1770-41F0-8AE6-45EE8062B5FC}.Debug|Any CPU.Build.0 = Debug|Any CPU
		{2E83AE1A-1770-41F0-8AE6-45EE8062B5FC}.Release|Any CPU.ActiveCfg = Release|Any CPU
		{2E83AE1A-1770-41F0-8AE6-45EE8062B5FC}.Release|Any CPU.Build.0 = Release|Any CPU
	EndGlobalSection
	GlobalSection(SolutionProperties) = preSolution
		HideSolutionNode = FALSE
	EndGlobalSection
	GlobalSection(ExtensibilityGlobals) = postSolution
		SolutionGuid = {A4A701DB-1B10-4461-A68C-CEEE3A2F7D1E}
	EndGlobalSection
EndGlobal
